
Microsoft Visual Studio Solution File, Format Version 12.00
# Visual Studio Version 17
VisualStudioVersion = 17.5.33502.453
MinimumVisualStudioVersion = 10.0.40219.1
Project("{9A19103F-16F7-4668-BE54-9A1E7A4F7556}") = "ATIK_lab_1", "ATIK_lab_1.csproj", "{F3808144-3CC1-4605-BDF4-5B658597C82F}"
EndProject
Project("{FAE04EC0-301F-11D3-BF4B-00C04F79EFBC}") = "lab_2_otik", "..\lab_2_otik\lab_2_otik.csproj", "{7AE505C3-ECCF-40DB-9144-7F7BBF544417}"
EndProject
Global
	GlobalSection(SolutionConfigurationPlatforms) = preSolution
		Debug|Any CPU = Debug|Any CPU
		Release|Any CPU = Release|Any CPU
	EndGlobalSection
	GlobalSection(ProjectConfigurationPlatforms) = postSolution
		{F3808144-3CC1-4605-BDF4-5B658597C82F}.Debug|Any CPU.ActiveCfg = Debug|Any CPU
		{F3808144-3CC1-4605-BDF4-5B658597C82F}.Debug|Any CPU.Build.0 = Debug|Any CPU
		{F3808144-3CC1-4605-BDF4-5B658597C82F}.Release|Any CPU.ActiveCfg = Release|Any CPU
		{F3808144-3CC1-4605-BDF4-5B658597C82F}.Release|Any CPU.Build.0 = Release|Any CPU
		{7AE505C3-ECCF-40DB-9144-7F7BBF544417}.Debug|Any CPU.ActiveCfg = Debug|Any CPU
		{7AE505C3-ECCF-40DB-9144-7F7BBF544417}.Debug|Any CPU.Build.0 = Debug|Any CPU
		{7AE505C3-ECCF-40DB-9144-7F7BBF544417}.Release|Any CPU.ActiveCfg = Release|Any CPU
		{7AE505C3-ECCF-40DB-9144-7F7BBF544417}.Release|Any CPU.Build.0 = Release|Any CPU
	EndGlobalSection
	GlobalSection(SolutionProperties) = preSolution
		HideSolutionNode = FALSE
	EndGlobalSection
	GlobalSection(ExtensibilityGlobals) = postSolution
		SolutionGuid = {C4AFC3CD-7EF5-4134-AC89-C9EBE4CF931F}
	EndGlobalSection
EndGlobal
